
Microsoft Visual Studio Solution File, Format Version 12.00
# Visual Studio Version 17
VisualStudioVersion = 17.9.34728.123
MinimumVisualStudioVersion = 10.0.40219.1
Project("{9A19103F-16F7-4668-BE54-9A1E7A4F7556}") = "Target.CalculaFaturamento", "Target.BE\Target.CalculaFaturamento.csproj", "{CD28C34C-28D5-4CF0-9898-4A9150EE5DBF}"
EndProject
Project("{FAE04EC0-301F-11D3-BF4B-00C04F79EFBC}") = "Target.CadastroCliente", "CadastroCliente\Target.CadastroCliente.csproj", "{729FBBDE-0966-4933-A6A2-F89D2B68C243}"
EndProject
Global
	GlobalSection(SolutionConfigurationPlatforms) = preSolution
		Debug|Any CPU = Debug|Any CPU
		Release|Any CPU = Release|Any CPU
	EndGlobalSection
	GlobalSection(ProjectConfigurationPlatforms) = postSolution
		{CD28C34C-28D5-4CF0-9898-4A9150EE5DBF}.Debug|Any CPU.ActiveCfg = Debug|Any CPU
		{CD28C34C-28D5-4CF0-9898-4A9150EE5DBF}.Debug|Any CPU.Build.0 = Debug|Any CPU
		{CD28C34C-28D5-4CF0-9898-4A9150EE5DBF}.Release|Any CPU.ActiveCfg = Release|Any CPU
		{CD28C34C-28D5-4CF0-9898-4A9150EE5DBF}.Release|Any CPU.Build.0 = Release|Any CPU
		{729FBBDE-0966-4933-A6A2-F89D2B68C243}.Debug|Any CPU.ActiveCfg = Debug|Any CPU
		{729FBBDE-0966-4933-A6A2-F89D2B68C243}.Debug|Any CPU.Build.0 = Debug|Any CPU
		{729FBBDE-0966-4933-A6A2-F89D2B68C243}.Release|Any CPU.ActiveCfg = Release|Any CPU
		{729FBBDE-0966-4933-A6A2-F89D2B68C243}.Release|Any CPU.Build.0 = Release|Any CPU
	EndGlobalSection
	GlobalSection(SolutionProperties) = preSolution
		HideSolutionNode = FALSE
	EndGlobalSection
	GlobalSection(ExtensibilityGlobals) = postSolution
		SolutionGuid = {CD55A05D-5CB9-41EB-B26A-5F4732F80C44}
	EndGlobalSection
EndGlobal
